
Microsoft Visual Studio Solution File, Format Version 12.00
# Visual Studio Version 17
VisualStudioVersion = 17.14.36518.9 d17.14
MinimumVisualStudioVersion = 10.0.40219.1
Project("{FAE04EC0-301F-11D3-BF4B-00C04F79EFBC}") = "Cosma_Simona_Lab2", "Cosma_Simona_Lab2.csproj", "{7EC3138E-D00E-414C-A709-5630C03FA728}"
EndProject
Global
	GlobalSection(SolutionConfigurationPlatforms) = preSolution
		Debug|Any CPU = Debug|Any CPU
		Release|Any CPU = Release|Any CPU
	EndGlobalSection
	GlobalSection(ProjectConfigurationPlatforms) = postSolution
		{7EC3138E-D00E-414C-A709-5630C03FA728}.Debug|Any CPU.ActiveCfg = Debug|Any CPU
		{7EC3138E-D00E-414C-A709-5630C03FA728}.Debug|Any CPU.Build.0 = Debug|Any CPU
		{7EC3138E-D00E-414C-A709-5630C03FA728}.Release|Any CPU.ActiveCfg = Release|Any CPU
		{7EC3138E-D00E-414C-A709-5630C03FA728}.Release|Any CPU.Build.0 = Release|Any CPU
	EndGlobalSection
	GlobalSection(SolutionProperties) = preSolution
		HideSolutionNode = FALSE
	EndGlobalSection
	GlobalSection(ExtensibilityGlobals) = postSolution
		SolutionGuid = {93EB79A4-DF54-4D85-AEA5-5ACF11338768}
	EndGlobalSection
EndGlobal
